
Microsoft Visual Studio Solution File, Format Version 12.00
# Visual Studio 15
VisualStudioVersion = 15.0.28010.2003
MinimumVisualStudioVersion = 10.0.40219.1
Project("{FAE04EC0-301F-11D3-BF4B-00C04F79EFBC}") = "LeapYear", "LeapYear\LeapYear.csproj", "{D6505A6A-4981-4227-895D-B84DD4B137F7}"
EndProject
Global
	GlobalSection(SolutionConfigurationPlatforms) = preSolution
		Debug|Any CPU = Debug|Any CPU
		Release|Any CPU = Release|Any CPU
	EndGlobalSection
	GlobalSection(ProjectConfigurationPlatforms) = postSolution
		{D6505A6A-4981-4227-895D-B84DD4B137F7}.Debug|Any CPU.ActiveCfg = Debug|Any CPU
		{D6505A6A-4981-4227-895D-B84DD4B137F7}.Debug|Any CPU.Build.0 = Debug|Any CPU
		{D6505A6A-4981-4227-895D-B84DD4B137F7}.Release|Any CPU.ActiveCfg = Release|Any CPU
		{D6505A6A-4981-4227-895D-B84DD4B137F7}.Release|Any CPU.Build.0 = Release|Any CPU
	EndGlobalSection
	GlobalSection(SolutionProperties) = preSolution
		HideSolutionNode = FALSE
	EndGlobalSection
	GlobalSection(ExtensibilityGlobals) = postSolution
		SolutionGuid = {D74BB609-7315-47BE-B69C-59BC4F6F1254}
	EndGlobalSection
EndGlobal
